
Microsoft Visual Studio Solution File, Format Version 12.00
Project("{FAE04EC0-301F-11D3-BF4B-00C04F79EFBC}") = "BattleRobot-solo-server", "BattleRobot-solo-server\BattleRobot-solo-server.csproj", "{6D250649-D6F3-464A-8206-C253B4938E5C}"
EndProject
Project("{FAE04EC0-301F-11D3-BF4B-00C04F79EFBC}") = "BattleRobot-solo-client", "BattleRobot-solo-client\BattleRobot-solo-client.csproj", "{AB76D466-4910-480A-8D7A-9AA77A9137E0}"
EndProject
Project("{FAE04EC0-301F-11D3-BF4B-00C04F79EFBC}") = "BattleRobot-solo-core", "BattleRobot-solo-core\BattleRobot-solo-core.csproj", "{B9DA370E-CB56-4609-A069-0CF9BBF9C99E}"
EndProject
Project("{FAE04EC0-301F-11D3-BF4B-00C04F79EFBC}") = "BattleRobot-solo-tests", "BattleRobot-solo-tests\BattleRobot-solo-tests.csproj", "{B4FB6315-B816-480C-8B29-E261E61E62FC}"
EndProject
Global
	GlobalSection(SolutionConfigurationPlatforms) = preSolution
		Debug|Any CPU = Debug|Any CPU
		Release|Any CPU = Release|Any CPU
	EndGlobalSection
	GlobalSection(ProjectConfigurationPlatforms) = postSolution
		{6D250649-D6F3-464A-8206-C253B4938E5C}.Debug|Any CPU.ActiveCfg = Debug|Any CPU
		{6D250649-D6F3-464A-8206-C253B4938E5C}.Debug|Any CPU.Build.0 = Debug|Any CPU
		{6D250649-D6F3-464A-8206-C253B4938E5C}.Release|Any CPU.ActiveCfg = Release|Any CPU
		{6D250649-D6F3-464A-8206-C253B4938E5C}.Release|Any CPU.Build.0 = Release|Any CPU
		{AB76D466-4910-480A-8D7A-9AA77A9137E0}.Debug|Any CPU.ActiveCfg = Debug|Any CPU
		{AB76D466-4910-480A-8D7A-9AA77A9137E0}.Debug|Any CPU.Build.0 = Debug|Any CPU
		{AB76D466-4910-480A-8D7A-9AA77A9137E0}.Release|Any CPU.ActiveCfg = Release|Any CPU
		{AB76D466-4910-480A-8D7A-9AA77A9137E0}.Release|Any CPU.Build.0 = Release|Any CPU
		{B9DA370E-CB56-4609-A069-0CF9BBF9C99E}.Debug|Any CPU.ActiveCfg = Debug|Any CPU
		{B9DA370E-CB56-4609-A069-0CF9BBF9C99E}.Debug|Any CPU.Build.0 = Debug|Any CPU
		{B9DA370E-CB56-4609-A069-0CF9BBF9C99E}.Release|Any CPU.ActiveCfg = Release|Any CPU
		{B9DA370E-CB56-4609-A069-0CF9BBF9C99E}.Release|Any CPU.Build.0 = Release|Any CPU
		{B4FB6315-B816-480C-8B29-E261E61E62FC}.Debug|Any CPU.ActiveCfg = Debug|Any CPU
		{B4FB6315-B816-480C-8B29-E261E61E62FC}.Debug|Any CPU.Build.0 = Debug|Any CPU
		{B4FB6315-B816-480C-8B29-E261E61E62FC}.Release|Any CPU.ActiveCfg = Release|Any CPU
		{B4FB6315-B816-480C-8B29-E261E61E62FC}.Release|Any CPU.Build.0 = Release|Any CPU
	EndGlobalSection
EndGlobal
